
Microsoft Visual Studio Solution File, Format Version 12.00
# Visual Studio 14
VisualStudioVersion = 14.0.24720.0
MinimumVisualStudioVersion = 10.0.40219.1
Project("{FAE04EC0-301F-11D3-BF4B-00C04F79EFBC}") = "YazılımSınamaProjesi", "YazılımSınamaProjesi\YazılımSınamaProjesi.csproj", "{C39D42E0-C0ED-4E1B-BEF6-4234096A4C7E}"
EndProject
Project("{FAE04EC0-301F-11D3-BF4B-00C04F79EFBC}") = "UnitTestProject1", "UnitTestProject1\UnitTestProject1.csproj", "{2037C689-0AE4-464C-84CB-6170BE314837}"
EndProject
Global
	GlobalSection(SolutionConfigurationPlatforms) = preSolution
		Debug|Any CPU = Debug|Any CPU
		Release|Any CPU = Release|Any CPU
	EndGlobalSection
	GlobalSection(ProjectConfigurationPlatforms) = postSolution
		{C39D42E0-C0ED-4E1B-BEF6-4234096A4C7E}.Debug|Any CPU.ActiveCfg = Debug|Any CPU
		{C39D42E0-C0ED-4E1B-BEF6-4234096A4C7E}.Debug|Any CPU.Build.0 = Debug|Any CPU
		{C39D42E0-C0ED-4E1B-BEF6-4234096A4C7E}.Release|Any CPU.ActiveCfg = Release|Any CPU
		{C39D42E0-C0ED-4E1B-BEF6-4234096A4C7E}.Release|Any CPU.Build.0 = Release|Any CPU
		{2037C689-0AE4-464C-84CB-6170BE314837}.Debug|Any CPU.ActiveCfg = Debug|Any CPU
		{2037C689-0AE4-464C-84CB-6170BE314837}.Debug|Any CPU.Build.0 = Debug|Any CPU
		{2037C689-0AE4-464C-84CB-6170BE314837}.Release|Any CPU.ActiveCfg = Release|Any CPU
		{2037C689-0AE4-464C-84CB-6170BE314837}.Release|Any CPU.Build.0 = Release|Any CPU
	EndGlobalSection
	GlobalSection(SolutionProperties) = preSolution
		HideSolutionNode = FALSE
	EndGlobalSection
EndGlobal
